
Microsoft Visual Studio Solution File, Format Version 12.00
# Visual Studio Version 16
VisualStudioVersion = 16.0.33214.272
MinimumVisualStudioVersion = 10.0.40219.1
Project("{FAE04EC0-301F-11D3-BF4B-00C04F79EFBC}") = "hm22.03", "hm22.03\hm22.03.csproj", "{ACC653F2-AFF0-41E9-8CD8-EFDCF5A9DF87}"
EndProject
Global
	GlobalSection(SolutionConfigurationPlatforms) = preSolution
		Debug|Any CPU = Debug|Any CPU
		Release|Any CPU = Release|Any CPU
	EndGlobalSection
	GlobalSection(ProjectConfigurationPlatforms) = postSolution
		{ACC653F2-AFF0-41E9-8CD8-EFDCF5A9DF87}.Debug|Any CPU.ActiveCfg = Debug|Any CPU
		{ACC653F2-AFF0-41E9-8CD8-EFDCF5A9DF87}.Debug|Any CPU.Build.0 = Debug|Any CPU
		{ACC653F2-AFF0-41E9-8CD8-EFDCF5A9DF87}.Release|Any CPU.ActiveCfg = Release|Any CPU
		{ACC653F2-AFF0-41E9-8CD8-EFDCF5A9DF87}.Release|Any CPU.Build.0 = Release|Any CPU
	EndGlobalSection
	GlobalSection(SolutionProperties) = preSolution
		HideSolutionNode = FALSE
	EndGlobalSection
	GlobalSection(ExtensibilityGlobals) = postSolution
		SolutionGuid = {036C2924-C481-45A1-8839-41E547E47FA3}
	EndGlobalSection
EndGlobal
